// !$*UTF8*$!
{
	archiveVersion = 1;
	classes = {
	};
	objectVersion = 56;
	objects = {

/* Begin PBXBuildFile section */
		D30E64B02C91CAA500102627 /* Photo.swift in Sources */ = {isa = PBXBuildFile; fileRef = D30E64AF2C91CAA500102627 /* Photo.swift */; };
		D30E64B22C91D6B800102627 /* PhotosResponseBody.swift in Sources */ = {isa = PBXBuildFile; fileRef = D30E64B12C91D6B800102627 /* PhotosResponseBody.swift */; };
		D30E64B42C920C4F00102627 /* ImageListService.swift in Sources */ = {isa = PBXBuildFile; fileRef = D30E64B32C920C4F00102627 /* ImageListService.swift */; };
		D30E64B62C93230700102627 /* UIImageView+Extensions.swift in Sources */ = {isa = PBXBuildFile; fileRef = D30E64B52C93230700102627 /* UIImageView+Extensions.swift */; };
		D30E64BA2C935B5F00102627 /* LikeResponseBody.swift in Sources */ = {isa = PBXBuildFile; fileRef = D30E64B92C935B5F00102627 /* LikeResponseBody.swift */; };
		D30F135B2C68FAE300FBE04A /* ProfileService.swift in Sources */ = {isa = PBXBuildFile; fileRef = D30F135A2C68FAE300FBE04A /* ProfileService.swift */; };
		D30F135D2C68FB8C00FBE04A /* ProfileResponseBody.swift in Sources */ = {isa = PBXBuildFile; fileRef = D30F135C2C68FB8C00FBE04A /* ProfileResponseBody.swift */; };
		D30F13622C69132300FBE04A /* ProgressHUD in Frameworks */ = {isa = PBXBuildFile; productRef = D30F13612C69132300FBE04A /* ProgressHUD */; };
		D30F13642C6927A300FBE04A /* Profile.swift in Sources */ = {isa = PBXBuildFile; fileRef = D30F13632C6927A300FBE04A /* Profile.swift */; };
		D30F13672C695DC000FBE04A /* ProfileImageService.swift in Sources */ = {isa = PBXBuildFile; fileRef = D30F13662C695DC000FBE04A /* ProfileImageService.swift */; };
		D31398F22C3870E40056A6F7 /* AppDelegate.swift in Sources */ = {isa = PBXBuildFile; fileRef = D31398F12C3870E40056A6F7 /* AppDelegate.swift */; };
		D31398F42C3870E40056A6F7 /* SceneDelegate.swift in Sources */ = {isa = PBXBuildFile; fileRef = D31398F32C3870E40056A6F7 /* SceneDelegate.swift */; };
		D31398FB2C3870E50056A6F7 /* Assets.xcassets in Resources */ = {isa = PBXBuildFile; fileRef = D31398FA2C3870E50056A6F7 /* Assets.xcassets */; };
		D31398FE2C3870E50056A6F7 /* Base in Resources */ = {isa = PBXBuildFile; fileRef = D31398FD2C3870E50056A6F7 /* Base */; };
		D31399062C38A2C30056A6F7 /* ImagesListViewController.swift in Sources */ = {isa = PBXBuildFile; fileRef = D31399052C38A2C30056A6F7 /* ImagesListViewController.swift */; };
		D31399082C38A9CA0056A6F7 /* ImagesListCell.swift in Sources */ = {isa = PBXBuildFile; fileRef = D31399072C38A9CA0056A6F7 /* ImagesListCell.swift */; };
		D32ACF942C9C303D007C83C1 /* WebViewPresenter.swift in Sources */ = {isa = PBXBuildFile; fileRef = D32ACF932C9C303D007C83C1 /* WebViewPresenter.swift */; };
		D32ACF962C9C441A007C83C1 /* AuthConfiguration.swift in Sources */ = {isa = PBXBuildFile; fileRef = D32ACF952C9C441A007C83C1 /* AuthConfiguration.swift */; };
		D32ACF982C9C4CB5007C83C1 /* AuthHelper.swift in Sources */ = {isa = PBXBuildFile; fileRef = D32ACF972C9C4CB5007C83C1 /* AuthHelper.swift */; };
		D32ACFAD2C9C706D007C83C1 /* ProfileViewPresenter.swift in Sources */ = {isa = PBXBuildFile; fileRef = D32ACFAC2C9C706D007C83C1 /* ProfileViewPresenter.swift */; };
		D32ACFB82C9D6D3F007C83C1 /* WebViewPresenterSpy.swift in Sources */ = {isa = PBXBuildFile; fileRef = D32ACFB42C9D6D3F007C83C1 /* WebViewPresenterSpy.swift */; };
		D32ACFB92C9D6D3F007C83C1 /* WebViewTests.swift in Sources */ = {isa = PBXBuildFile; fileRef = D32ACFB52C9D6D3F007C83C1 /* WebViewTests.swift */; };
		D32ACFBA2C9D6D3F007C83C1 /* WebViewViewControllerSpy.swift in Sources */ = {isa = PBXBuildFile; fileRef = D32ACFB62C9D6D3F007C83C1 /* WebViewViewControllerSpy.swift */; };
		D32F243E2C722B580009894E /* UserResponseBody.swift in Sources */ = {isa = PBXBuildFile; fileRef = D32F243D2C722B580009894E /* UserResponseBody.swift */; };
		D32F24402C7237250009894E /* RequestsBuilderService.swift in Sources */ = {isa = PBXBuildFile; fileRef = D32F243F2C7237250009894E /* RequestsBuilderService.swift */; };
		D332F3E12C9DA354008799C0 /* ImagesListViewPresenter.swift in Sources */ = {isa = PBXBuildFile; fileRef = D332F3E02C9DA354008799C0 /* ImagesListViewPresenter.swift */; };
		D332F3F42C9DC628008799C0 /* ImageFeedUITests.swift in Sources */ = {isa = PBXBuildFile; fileRef = D332F3F12C9DC628008799C0 /* ImageFeedUITests.swift */; };
		D332F3F82C9DD819008799C0 /* UIElementsIdentifiers.swift in Sources */ = {isa = PBXBuildFile; fileRef = D332F3F72C9DD819008799C0 /* UIElementsIdentifiers.swift */; };
		D332F3F92C9DD819008799C0 /* UIElementsIdentifiers.swift in Sources */ = {isa = PBXBuildFile; fileRef = D332F3F72C9DD819008799C0 /* UIElementsIdentifiers.swift */; };
		D33B5BB92C73738500C5BB91 /* AlertPresenter.swift in Sources */ = {isa = PBXBuildFile; fileRef = D33B5BB82C73738500C5BB91 /* AlertPresenter.swift */; };
		D35A50662C3D79FA00A457E7 /* Array+Extensions.swift in Sources */ = {isa = PBXBuildFile; fileRef = D35A50652C3D79FA00A457E7 /* Array+Extensions.swift */; };
		D35A50682C3D7FF000A457E7 /* Date+Extensions.swift in Sources */ = {isa = PBXBuildFile; fileRef = D35A50672C3D7FF000A457E7 /* Date+Extensions.swift */; };
		D37A53512C52691500F98CE5 /* Constants.swift in Sources */ = {isa = PBXBuildFile; fileRef = D37A53502C52691500F98CE5 /* Constants.swift */; };
		D37A53542C52E34F00F98CE5 /* AuthViewController.swift in Sources */ = {isa = PBXBuildFile; fileRef = D37A53532C52E34F00F98CE5 /* AuthViewController.swift */; };
		D37A53562C52E93600F98CE5 /* WebViewViewController.swift in Sources */ = {isa = PBXBuildFile; fileRef = D37A53552C52E93600F98CE5 /* WebViewViewController.swift */; };
		D37A53592C540F1000F98CE5 /* OAuth2Service.swift in Sources */ = {isa = PBXBuildFile; fileRef = D37A53582C540F1000F98CE5 /* OAuth2Service.swift */; };
		D37A535D2C541C1600F98CE5 /* URLSession+Extensions.swift in Sources */ = {isa = PBXBuildFile; fileRef = D37A535C2C541C1600F98CE5 /* URLSession+Extensions.swift */; };
		D37A53602C54200700F98CE5 /* OAuthTokenResponseBody.swift in Sources */ = {isa = PBXBuildFile; fileRef = D37A535F2C54200700F98CE5 /* OAuthTokenResponseBody.swift */; };
		D37A53622C5425CF00F98CE5 /* OAuth2TokenStorageService.swift in Sources */ = {isa = PBXBuildFile; fileRef = D37A53612C5425CF00F98CE5 /* OAuth2TokenStorageService.swift */; };
		D39008872C68DF3D0000E6DB /* UIBlockingProgressHUD.swift in Sources */ = {isa = PBXBuildFile; fileRef = D39008862C68DF3D0000E6DB /* UIBlockingProgressHUD.swift */; };
		D3B4AC3C2C9473FF002116CE /* ProfileLogoutService.swift in Sources */ = {isa = PBXBuildFile; fileRef = D3B4AC3B2C9473FF002116CE /* ProfileLogoutService.swift */; };
		D3BD2C3F2C4ABA4A006880B7 /* Sizes.swift in Sources */ = {isa = PBXBuildFile; fileRef = D3BD2C3E2C4ABA4A006880B7 /* Sizes.swift */; };
		D3BD2C422C4ABA77006880B7 /* Fonts.swift in Sources */ = {isa = PBXBuildFile; fileRef = D3BD2C412C4ABA77006880B7 /* Fonts.swift */; };
		D3CE9D1E2C3ECD0D00FA98A0 /* ProfileViewController.swift in Sources */ = {isa = PBXBuildFile; fileRef = D3CE9D1D2C3ECD0C00FA98A0 /* ProfileViewController.swift */; };
		D3D397032C73A14000DC82EB /* Kingfisher in Frameworks */ = {isa = PBXBuildFile; productRef = D3D397022C73A14000DC82EB /* Kingfisher */; };
		D3D397062C7644DD00DC82EB /* SwiftKeychainWrapper in Frameworks */ = {isa = PBXBuildFile; productRef = D3D397052C7644DD00DC82EB /* SwiftKeychainWrapper */; };
		D3D397092C764A7200DC82EB /* TabBarViewController.swift in Sources */ = {isa = PBXBuildFile; fileRef = D3D397082C764A7200DC82EB /* TabBarViewController.swift */; };
		D3D6D0412C592B8600D22204 /* SplashViewController.swift in Sources */ = {isa = PBXBuildFile; fileRef = D3D6D0402C592B8600D22204 /* SplashViewController.swift */; };
		D3E7CB682C4299EB007A27D3 /* SingleImageViewController.swift in Sources */ = {isa = PBXBuildFile; fileRef = D3E7CB672C4299EB007A27D3 /* SingleImageViewController.swift */; };
/* End PBXBuildFile section */

/* Begin PBXContainerItemProxy section */
		D32ACFA12C9C5141007C83C1 /* PBXContainerItemProxy */ = {
			isa = PBXContainerItemProxy;
			containerPortal = D31398E62C3870E40056A6F7 /* Project object */;
			proxyType = 1;
			remoteGlobalIDString = D31398ED2C3870E40056A6F7;
			remoteInfo = ImageFeed;
		};
		D332F3EC2C9DC621008799C0 /* PBXContainerItemProxy */ = {
			isa = PBXContainerItemProxy;
			containerPortal = D31398E62C3870E40056A6F7 /* Project object */;
			proxyType = 1;
			remoteGlobalIDString = D31398ED2C3870E40056A6F7;
			remoteInfo = ImageFeed;
		};
/* End PBXContainerItemProxy section */

/* Begin PBXFileReference section */
		D30E64AF2C91CAA500102627 /* Photo.swift */ = {isa = PBXFileReference; lastKnownFileType = sourcecode.swift; path = Photo.swift; sourceTree = "<group>"; };
		D30E64B12C91D6B800102627 /* PhotosResponseBody.swift */ = {isa = PBXFileReference; lastKnownFileType = sourcecode.swift; path = PhotosResponseBody.swift; sourceTree = "<group>"; };
		D30E64B32C920C4F00102627 /* ImageListService.swift */ = {isa = PBXFileReference; lastKnownFileType = sourcecode.swift; path = ImageListService.swift; sourceTree = "<group>"; };
		D30E64B52C93230700102627 /* UIImageView+Extensions.swift */ = {isa = PBXFileReference; lastKnownFileType = sourcecode.swift; path = "UIImageView+Extensions.swift"; sourceTree = "<group>"; };
		D30E64B92C935B5F00102627 /* LikeResponseBody.swift */ = {isa = PBXFileReference; lastKnownFileType = sourcecode.swift; path = LikeResponseBody.swift; sourceTree = "<group>"; };
		D30F135A2C68FAE300FBE04A /* ProfileService.swift */ = {isa = PBXFileReference; lastKnownFileType = sourcecode.swift; path = ProfileService.swift; sourceTree = "<group>"; };
		D30F135C2C68FB8C00FBE04A /* ProfileResponseBody.swift */ = {isa = PBXFileReference; lastKnownFileType = sourcecode.swift; path = ProfileResponseBody.swift; sourceTree = "<group>"; };
		D30F13632C6927A300FBE04A /* Profile.swift */ = {isa = PBXFileReference; lastKnownFileType = sourcecode.swift; path = Profile.swift; sourceTree = "<group>"; };
		D30F13662C695DC000FBE04A /* ProfileImageService.swift */ = {isa = PBXFileReference; lastKnownFileType = sourcecode.swift; path = ProfileImageService.swift; sourceTree = "<group>"; };
		D31398EE2C3870E40056A6F7 /* ImageFeed.app */ = {isa = PBXFileReference; explicitFileType = wrapper.application; includeInIndex = 0; path = ImageFeed.app; sourceTree = BUILT_PRODUCTS_DIR; };
		D31398F12C3870E40056A6F7 /* AppDelegate.swift */ = {isa = PBXFileReference; lastKnownFileType = sourcecode.swift; path = AppDelegate.swift; sourceTree = "<group>"; };
		D31398F32C3870E40056A6F7 /* SceneDelegate.swift */ = {isa = PBXFileReference; lastKnownFileType = sourcecode.swift; path = SceneDelegate.swift; sourceTree = "<group>"; };
		D31398FA2C3870E50056A6F7 /* Assets.xcassets */ = {isa = PBXFileReference; lastKnownFileType = folder.assetcatalog; path = Assets.xcassets; sourceTree = "<group>"; };
		D31398FD2C3870E50056A6F7 /* Base */ = {isa = PBXFileReference; lastKnownFileType = file.storyboard; name = Base; path = Base.lproj/LaunchScreen.storyboard; sourceTree = "<group>"; };
		D31398FF2C3870E50056A6F7 /* Info.plist */ = {isa = PBXFileReference; lastKnownFileType = text.plist.xml; path = Info.plist; sourceTree = "<group>"; };
		D31399052C38A2C30056A6F7 /* ImagesListViewController.swift */ = {isa = PBXFileReference; lastKnownFileType = sourcecode.swift; path = ImagesListViewController.swift; sourceTree = "<group>"; };
		D31399072C38A9CA0056A6F7 /* ImagesListCell.swift */ = {isa = PBXFileReference; lastKnownFileType = sourcecode.swift; path = ImagesListCell.swift; sourceTree = "<group>"; };
		D32ACF932C9C303D007C83C1 /* WebViewPresenter.swift */ = {isa = PBXFileReference; lastKnownFileType = sourcecode.swift; path = WebViewPresenter.swift; sourceTree = "<group>"; };
		D32ACF952C9C441A007C83C1 /* AuthConfiguration.swift */ = {isa = PBXFileReference; lastKnownFileType = sourcecode.swift; path = AuthConfiguration.swift; sourceTree = "<group>"; };
		D32ACF972C9C4CB5007C83C1 /* AuthHelper.swift */ = {isa = PBXFileReference; lastKnownFileType = sourcecode.swift; path = AuthHelper.swift; sourceTree = "<group>"; };
		D32ACF9D2C9C5141007C83C1 /* ImageFeedTests.xctest */ = {isa = PBXFileReference; explicitFileType = wrapper.cfbundle; includeInIndex = 0; path = ImageFeedTests.xctest; sourceTree = BUILT_PRODUCTS_DIR; };
		D32ACFAC2C9C706D007C83C1 /* ProfileViewPresenter.swift */ = {isa = PBXFileReference; lastKnownFileType = sourcecode.swift; path = ProfileViewPresenter.swift; sourceTree = "<group>"; };
		D32ACFB42C9D6D3F007C83C1 /* WebViewPresenterSpy.swift */ = {isa = PBXFileReference; lastKnownFileType = sourcecode.swift; path = WebViewPresenterSpy.swift; sourceTree = "<group>"; };
		D32ACFB52C9D6D3F007C83C1 /* WebViewTests.swift */ = {isa = PBXFileReference; lastKnownFileType = sourcecode.swift; path = WebViewTests.swift; sourceTree = "<group>"; };
		D32ACFB62C9D6D3F007C83C1 /* WebViewViewControllerSpy.swift */ = {isa = PBXFileReference; lastKnownFileType = sourcecode.swift; path = WebViewViewControllerSpy.swift; sourceTree = "<group>"; };
		D32F243D2C722B580009894E /* UserResponseBody.swift */ = {isa = PBXFileReference; lastKnownFileType = sourcecode.swift; path = UserResponseBody.swift; sourceTree = "<group>"; };
		D32F243F2C7237250009894E /* RequestsBuilderService.swift */ = {isa = PBXFileReference; lastKnownFileType = sourcecode.swift; path = RequestsBuilderService.swift; sourceTree = "<group>"; };
		D332F3E02C9DA354008799C0 /* ImagesListViewPresenter.swift */ = {isa = PBXFileReference; lastKnownFileType = sourcecode.swift; path = ImagesListViewPresenter.swift; sourceTree = "<group>"; };
		D332F3E62C9DC621008799C0 /* ImageFeedUITests.xctest */ = {isa = PBXFileReference; explicitFileType = wrapper.cfbundle; includeInIndex = 0; path = ImageFeedUITests.xctest; sourceTree = BUILT_PRODUCTS_DIR; };
		D332F3F12C9DC628008799C0 /* ImageFeedUITests.swift */ = {isa = PBXFileReference; lastKnownFileType = sourcecode.swift; path = ImageFeedUITests.swift; sourceTree = "<group>"; };
		D332F3F72C9DD819008799C0 /* UIElementsIdentifiers.swift */ = {isa = PBXFileReference; lastKnownFileType = sourcecode.swift; path = UIElementsIdentifiers.swift; sourceTree = "<group>"; };
		D33B5BB82C73738500C5BB91 /* AlertPresenter.swift */ = {isa = PBXFileReference; lastKnownFileType = sourcecode.swift; path = AlertPresenter.swift; sourceTree = "<group>"; };
		D35A50652C3D79FA00A457E7 /* Array+Extensions.swift */ = {isa = PBXFileReference; lastKnownFileType = sourcecode.swift; path = "Array+Extensions.swift"; sourceTree = "<group>"; };
		D35A50672C3D7FF000A457E7 /* Date+Extensions.swift */ = {isa = PBXFileReference; lastKnownFileType = sourcecode.swift; path = "Date+Extensions.swift"; sourceTree = "<group>"; };
		D37A53502C52691500F98CE5 /* Constants.swift */ = {isa = PBXFileReference; lastKnownFileType = sourcecode.swift; path = Constants.swift; sourceTree = "<group>"; };
		D37A53532C52E34F00F98CE5 /* AuthViewController.swift */ = {isa = PBXFileReference; lastKnownFileType = sourcecode.swift; path = AuthViewController.swift; sourceTree = "<group>"; };
		D37A53552C52E93600F98CE5 /* WebViewViewController.swift */ = {isa = PBXFileReference; lastKnownFileType = sourcecode.swift; path = WebViewViewController.swift; sourceTree = "<group>"; };
		D37A53582C540F1000F98CE5 /* OAuth2Service.swift */ = {isa = PBXFileReference; lastKnownFileType = sourcecode.swift; path = OAuth2Service.swift; sourceTree = "<group>"; };
		D37A535C2C541C1600F98CE5 /* URLSession+Extensions.swift */ = {isa = PBXFileReference; lastKnownFileType = sourcecode.swift; path = "URLSession+Extensions.swift"; sourceTree = "<group>"; };
		D37A535F2C54200700F98CE5 /* OAuthTokenResponseBody.swift */ = {isa = PBXFileReference; lastKnownFileType = sourcecode.swift; path = OAuthTokenResponseBody.swift; sourceTree = "<group>"; };
		D37A53612C5425CF00F98CE5 /* OAuth2TokenStorageService.swift */ = {isa = PBXFileReference; lastKnownFileType = sourcecode.swift; path = OAuth2TokenStorageService.swift; sourceTree = "<group>"; };
		D39008862C68DF3D0000E6DB /* UIBlockingProgressHUD.swift */ = {isa = PBXFileReference; lastKnownFileType = sourcecode.swift; path = UIBlockingProgressHUD.swift; sourceTree = "<group>"; };
		D3B4AC3B2C9473FF002116CE /* ProfileLogoutService.swift */ = {isa = PBXFileReference; lastKnownFileType = sourcecode.swift; path = ProfileLogoutService.swift; sourceTree = "<group>"; };
		D3BD2C3E2C4ABA4A006880B7 /* Sizes.swift */ = {isa = PBXFileReference; lastKnownFileType = sourcecode.swift; path = Sizes.swift; sourceTree = "<group>"; };
		D3BD2C412C4ABA77006880B7 /* Fonts.swift */ = {isa = PBXFileReference; lastKnownFileType = sourcecode.swift; path = Fonts.swift; sourceTree = "<group>"; };
		D3CE9D1D2C3ECD0C00FA98A0 /* ProfileViewController.swift */ = {isa = PBXFileReference; lastKnownFileType = sourcecode.swift; path = ProfileViewController.swift; sourceTree = "<group>"; };
		D3D397082C764A7200DC82EB /* TabBarViewController.swift */ = {isa = PBXFileReference; lastKnownFileType = sourcecode.swift; path = TabBarViewController.swift; sourceTree = "<group>"; };
		D3D6D0402C592B8600D22204 /* SplashViewController.swift */ = {isa = PBXFileReference; lastKnownFileType = sourcecode.swift; path = SplashViewController.swift; sourceTree = "<group>"; };
		D3E7CB672C4299EB007A27D3 /* SingleImageViewController.swift */ = {isa = PBXFileReference; lastKnownFileType = sourcecode.swift; path = SingleImageViewController.swift; sourceTree = "<group>"; };
/* End PBXFileReference section */

/* Begin PBXFrameworksBuildPhase section */
		D31398EB2C3870E40056A6F7 /* Frameworks */ = {
			isa = PBXFrameworksBuildPhase;
			buildActionMask = 2147483647;
			files = (
				D3D397032C73A14000DC82EB /* Kingfisher in Frameworks */,
				D30F13622C69132300FBE04A /* ProgressHUD in Frameworks */,
				D3D397062C7644DD00DC82EB /* SwiftKeychainWrapper in Frameworks */,
			);
			runOnlyForDeploymentPostprocessing = 0;
		};
		D32ACF9A2C9C5141007C83C1 /* Frameworks */ = {
			isa = PBXFrameworksBuildPhase;
			buildActionMask = 2147483647;
			files = (
			);
			runOnlyForDeploymentPostprocessing = 0;
		};
		D332F3E32C9DC621008799C0 /* Frameworks */ = {
			isa = PBXFrameworksBuildPhase;
			buildActionMask = 2147483647;
			files = (
			);
			runOnlyForDeploymentPostprocessing = 0;
		};
/* End PBXFrameworksBuildPhase section */

/* Begin PBXGroup section */
		D30F13652C6952E700FBE04A /* CommonUI */ = {
			isa = PBXGroup;
			children = (
				D39008862C68DF3D0000E6DB /* UIBlockingProgressHUD.swift */,
				D33B5BB82C73738500C5BB91 /* AlertPresenter.swift */,
			);
			path = CommonUI;
			sourceTree = "<group>";
		};
		D31398E52C3870E40056A6F7 = {
			isa = PBXGroup;
			children = (
				D31398F02C3870E40056A6F7 /* ImageFeed */,
				D32ACFB72C9D6D3F007C83C1 /* ImageFeedTests */,
				D332F3F32C9DC628008799C0 /* ImageFeedUITests */,
				D31398EF2C3870E40056A6F7 /* Products */,
			);
			sourceTree = "<group>";
		};
		D31398EF2C3870E40056A6F7 /* Products */ = {
			isa = PBXGroup;
			children = (
				D31398EE2C3870E40056A6F7 /* ImageFeed.app */,
				D32ACF9D2C9C5141007C83C1 /* ImageFeedTests.xctest */,
				D332F3E62C9DC621008799C0 /* ImageFeedUITests.xctest */,
			);
			name = Products;
			sourceTree = "<group>";
		};
		D31398F02C3870E40056A6F7 /* ImageFeed */ = {
			isa = PBXGroup;
			children = (
				D31398F12C3870E40056A6F7 /* AppDelegate.swift */,
				D31398F32C3870E40056A6F7 /* SceneDelegate.swift */,
				D37A53502C52691500F98CE5 /* Constants.swift */,
				D332F3F72C9DD819008799C0 /* UIElementsIdentifiers.swift */,
				D30F13652C6952E700FBE04A /* CommonUI */,
				D3D6D0422C592B9A00D22204 /* Splash */,
				D37A53522C52E30C00F98CE5 /* Auth */,
				D3D397072C764A2B00DC82EB /* TabBar */,
				D37A535E2C541FEC00F98CE5 /* Models */,
				D37A53572C540EE100F98CE5 /* Services */,
				D35A50642C3D79DA00A457E7 /* Extensions */,
				D3BD2C3D2C4ABA38006880B7 /* Theme */,
				D313990A2C38ABFD0056A6F7 /* Resources */,
			);
			path = ImageFeed;
			sourceTree = "<group>";
		};
		D31399092C38AA3D0056A6F7 /* ImagesList */ = {
			isa = PBXGroup;
			children = (
				D31399052C38A2C30056A6F7 /* ImagesListViewController.swift */,
				D31399072C38A9CA0056A6F7 /* ImagesListCell.swift */,
				D332F3E02C9DA354008799C0 /* ImagesListViewPresenter.swift */,
			);
			path = ImagesList;
			sourceTree = "<group>";
		};
		D313990A2C38ABFD0056A6F7 /* Resources */ = {
			isa = PBXGroup;
			children = (
				D31398FA2C3870E50056A6F7 /* Assets.xcassets */,
				D31398FC2C3870E50056A6F7 /* LaunchScreen.storyboard */,
				D31398FF2C3870E50056A6F7 /* Info.plist */,
			);
			path = Resources;
			sourceTree = "<group>";
		};
		D32ACFB72C9D6D3F007C83C1 /* ImageFeedTests */ = {
			isa = PBXGroup;
			children = (
				D32ACFB52C9D6D3F007C83C1 /* WebViewTests.swift */,
				D32ACFB42C9D6D3F007C83C1 /* WebViewPresenterSpy.swift */,
				D32ACFB62C9D6D3F007C83C1 /* WebViewViewControllerSpy.swift */,
			);
			path = ImageFeedTests;
			sourceTree = "<group>";
		};
		D332F3F32C9DC628008799C0 /* ImageFeedUITests */ = {
			isa = PBXGroup;
			children = (
				D332F3F12C9DC628008799C0 /* ImageFeedUITests.swift */,
			);
			path = ImageFeedUITests;
			sourceTree = "<group>";
		};
		D35A50642C3D79DA00A457E7 /* Extensions */ = {
			isa = PBXGroup;
			children = (
				D35A50652C3D79FA00A457E7 /* Array+Extensions.swift */,
				D35A50672C3D7FF000A457E7 /* Date+Extensions.swift */,
				D37A535C2C541C1600F98CE5 /* URLSession+Extensions.swift */,
				D30E64B52C93230700102627 /* UIImageView+Extensions.swift */,
			);
			path = Extensions;
			sourceTree = "<group>";
		};
		D37A53522C52E30C00F98CE5 /* Auth */ = {
			isa = PBXGroup;
			children = (
				D37A53532C52E34F00F98CE5 /* AuthViewController.swift */,
				D32ACF952C9C441A007C83C1 /* AuthConfiguration.swift */,
				D32ACF972C9C4CB5007C83C1 /* AuthHelper.swift */,
				D37A53552C52E93600F98CE5 /* WebViewViewController.swift */,
				D32ACF932C9C303D007C83C1 /* WebViewPresenter.swift */,
			);
			path = Auth;
			sourceTree = "<group>";
		};
		D37A53572C540EE100F98CE5 /* Services */ = {
			isa = PBXGroup;
			children = (
				D37A53582C540F1000F98CE5 /* OAuth2Service.swift */,
				D37A53612C5425CF00F98CE5 /* OAuth2TokenStorageService.swift */,
				D30F135A2C68FAE300FBE04A /* ProfileService.swift */,
				D30F13662C695DC000FBE04A /* ProfileImageService.swift */,
				D3B4AC3B2C9473FF002116CE /* ProfileLogoutService.swift */,
				D32F243F2C7237250009894E /* RequestsBuilderService.swift */,
				D30E64B32C920C4F00102627 /* ImageListService.swift */,
			);
			path = Services;
			sourceTree = "<group>";
		};
		D37A535E2C541FEC00F98CE5 /* Models */ = {
			isa = PBXGroup;
			children = (
				D37A535F2C54200700F98CE5 /* OAuthTokenResponseBody.swift */,
				D32F243D2C722B580009894E /* UserResponseBody.swift */,
				D30F135C2C68FB8C00FBE04A /* ProfileResponseBody.swift */,
				D30F13632C6927A300FBE04A /* Profile.swift */,
				D30E64AF2C91CAA500102627 /* Photo.swift */,
				D30E64B12C91D6B800102627 /* PhotosResponseBody.swift */,
				D30E64B92C935B5F00102627 /* LikeResponseBody.swift */,
			);
			path = Models;
			sourceTree = "<group>";
		};
		D3BD2C3C2C4AAA7C006880B7 /* SingleImage */ = {
			isa = PBXGroup;
			children = (
				D3E7CB672C4299EB007A27D3 /* SingleImageViewController.swift */,
			);
			path = SingleImage;
			sourceTree = "<group>";
		};
		D3BD2C3D2C4ABA38006880B7 /* Theme */ = {
			isa = PBXGroup;
			children = (
				D3BD2C3E2C4ABA4A006880B7 /* Sizes.swift */,
				D3BD2C412C4ABA77006880B7 /* Fonts.swift */,
			);
			path = Theme;
			sourceTree = "<group>";
		};
		D3CE9D1C2C3ECCDF00FA98A0 /* Profile */ = {
			isa = PBXGroup;
			children = (
				D3CE9D1D2C3ECD0C00FA98A0 /* ProfileViewController.swift */,
				D32ACFAC2C9C706D007C83C1 /* ProfileViewPresenter.swift */,
			);
			path = Profile;
			sourceTree = "<group>";
		};
		D3D397072C764A2B00DC82EB /* TabBar */ = {
			isa = PBXGroup;
			children = (
				D3D397082C764A7200DC82EB /* TabBarViewController.swift */,
				D31399092C38AA3D0056A6F7 /* ImagesList */,
				D3BD2C3C2C4AAA7C006880B7 /* SingleImage */,
				D3CE9D1C2C3ECCDF00FA98A0 /* Profile */,
			);
			path = TabBar;
			sourceTree = "<group>";
		};
		D3D6D0422C592B9A00D22204 /* Splash */ = {
			isa = PBXGroup;
			children = (
				D3D6D0402C592B8600D22204 /* SplashViewController.swift */,
			);
			path = Splash;
			sourceTree = "<group>";
		};
/* End PBXGroup section */

/* Begin PBXNativeTarget section */
		D31398ED2C3870E40056A6F7 /* ImageFeed */ = {
			isa = PBXNativeTarget;
			buildConfigurationList = D31399022C3870E50056A6F7 /* Build configuration list for PBXNativeTarget "ImageFeed" */;
			buildPhases = (
				D31398EA2C3870E40056A6F7 /* Sources */,
				D31398EB2C3870E40056A6F7 /* Frameworks */,
				D31398EC2C3870E40056A6F7 /* Resources */,
			);
			buildRules = (
			);
			dependencies = (
			);
			name = ImageFeed;
			packageProductDependencies = (
				D30F13612C69132300FBE04A /* ProgressHUD */,
				D3D397022C73A14000DC82EB /* Kingfisher */,
				D3D397052C7644DD00DC82EB /* SwiftKeychainWrapper */,
			);
			productName = ImageFeed;
			productReference = D31398EE2C3870E40056A6F7 /* ImageFeed.app */;
			productType = "com.apple.product-type.application";
		};
		D32ACF9C2C9C5141007C83C1 /* ImageFeedTests */ = {
			isa = PBXNativeTarget;
			buildConfigurationList = D32ACFA32C9C5141007C83C1 /* Build configuration list for PBXNativeTarget "ImageFeedTests" */;
			buildPhases = (
				D32ACF992C9C5141007C83C1 /* Sources */,
				D32ACF9A2C9C5141007C83C1 /* Frameworks */,
				D32ACF9B2C9C5141007C83C1 /* Resources */,
			);
			buildRules = (
			);
			dependencies = (
				D32ACFA22C9C5141007C83C1 /* PBXTargetDependency */,
			);
			name = ImageFeedTests;
			packageProductDependencies = (
			);
			productName = ImageFeedTests;
			productReference = D32ACF9D2C9C5141007C83C1 /* ImageFeedTests.xctest */;
			productType = "com.apple.product-type.bundle.unit-test";
		};
		D332F3E52C9DC621008799C0 /* ImageFeedUITests */ = {
			isa = PBXNativeTarget;
			buildConfigurationList = D332F3EE2C9DC621008799C0 /* Build configuration list for PBXNativeTarget "ImageFeedUITests" */;
			buildPhases = (
				D332F3E22C9DC621008799C0 /* Sources */,
				D332F3E32C9DC621008799C0 /* Frameworks */,
				D332F3E42C9DC621008799C0 /* Resources */,
			);
			buildRules = (
			);
			dependencies = (
				D332F3ED2C9DC621008799C0 /* PBXTargetDependency */,
			);
			name = ImageFeedUITests;
			packageProductDependencies = (
			);
			productName = ImageFeedUITests;
			productReference = D332F3E62C9DC621008799C0 /* ImageFeedUITests.xctest */;
			productType = "com.apple.product-type.bundle.ui-testing";
		};
/* End PBXNativeTarget section */

/* Begin PBXProject section */
		D31398E62C3870E40056A6F7 /* Project object */ = {
			isa = PBXProject;
			attributes = {
				BuildIndependentTargetsInParallel = 1;
				LastSwiftUpdateCheck = 1600;
				LastUpgradeCheck = 1540;
				TargetAttributes = {
					D31398ED2C3870E40056A6F7 = {
						CreatedOnToolsVersion = 15.4;
					};
					D32ACF9C2C9C5141007C83C1 = {
						CreatedOnToolsVersion = 16.0;
						TestTargetID = D31398ED2C3870E40056A6F7;
					};
					D332F3E52C9DC621008799C0 = {
						CreatedOnToolsVersion = 16.0;
						TestTargetID = D31398ED2C3870E40056A6F7;
					};
				};
			};
			buildConfigurationList = D31398E92C3870E40056A6F7 /* Build configuration list for PBXProject "ImageFeed" */;
			compatibilityVersion = "Xcode 14.0";
			developmentRegion = en;
			hasScannedForEncodings = 0;
			knownRegions = (
				en,
				Base,
			);
			mainGroup = D31398E52C3870E40056A6F7;
			packageReferences = (
				D30F13602C69132300FBE04A /* XCRemoteSwiftPackageReference "ProgressHUD" */,
				D3D397012C73A14000DC82EB /* XCRemoteSwiftPackageReference "Kingfisher" */,
				D3D397042C7644DD00DC82EB /* XCRemoteSwiftPackageReference "SwiftKeychainWrapper" */,
			);
			productRefGroup = D31398EF2C3870E40056A6F7 /* Products */;
			projectDirPath = "";
			projectRoot = "";
			targets = (
				D31398ED2C3870E40056A6F7 /* ImageFeed */,
				D32ACF9C2C9C5141007C83C1 /* ImageFeedTests */,
				D332F3E52C9DC621008799C0 /* ImageFeedUITests */,
			);
		};
/* End PBXProject section */

/* Begin PBXResourcesBuildPhase section */
		D31398EC2C3870E40056A6F7 /* Resources */ = {
			isa = PBXResourcesBuildPhase;
			buildActionMask = 2147483647;
			files = (
				D31398FB2C3870E50056A6F7 /* Assets.xcassets in Resources */,
				D31398FE2C3870E50056A6F7 /* Base in Resources */,
			);
			runOnlyForDeploymentPostprocessing = 0;
		};
		D32ACF9B2C9C5141007C83C1 /* Resources */ = {
			isa = PBXResourcesBuildPhase;
			buildActionMask = 2147483647;
			files = (
			);
			runOnlyForDeploymentPostprocessing = 0;
		};
		D332F3E42C9DC621008799C0 /* Resources */ = {
			isa = PBXResourcesBuildPhase;
			buildActionMask = 2147483647;
			files = (
			);
			runOnlyForDeploymentPostprocessing = 0;
		};
/* End PBXResourcesBuildPhase section */

/* Begin PBXSourcesBuildPhase section */
		D31398EA2C3870E40056A6F7 /* Sources */ = {
			isa = PBXSourcesBuildPhase;
			buildActionMask = 2147483647;
			files = (
				D31399062C38A2C30056A6F7 /* ImagesListViewController.swift in Sources */,
				D332F3F82C9DD819008799C0 /* UIElementsIdentifiers.swift in Sources */,
				D37A53592C540F1000F98CE5 /* OAuth2Service.swift in Sources */,
				D37A53622C5425CF00F98CE5 /* OAuth2TokenStorageService.swift in Sources */,
				D30F13642C6927A300FBE04A /* Profile.swift in Sources */,
				D3D397092C764A7200DC82EB /* TabBarViewController.swift in Sources */,
				D3D6D0412C592B8600D22204 /* SplashViewController.swift in Sources */,
				D32F24402C7237250009894E /* RequestsBuilderService.swift in Sources */,
				D37A53512C52691500F98CE5 /* Constants.swift in Sources */,
				D32ACF942C9C303D007C83C1 /* WebViewPresenter.swift in Sources */,
				D32ACFAD2C9C706D007C83C1 /* ProfileViewPresenter.swift in Sources */,
				D33B5BB92C73738500C5BB91 /* AlertPresenter.swift in Sources */,
				D30E64B22C91D6B800102627 /* PhotosResponseBody.swift in Sources */,
				D31399082C38A9CA0056A6F7 /* ImagesListCell.swift in Sources */,
				D31398F22C3870E40056A6F7 /* AppDelegate.swift in Sources */,
				D37A535D2C541C1600F98CE5 /* URLSession+Extensions.swift in Sources */,
				D30E64B62C93230700102627 /* UIImageView+Extensions.swift in Sources */,
				D30F13672C695DC000FBE04A /* ProfileImageService.swift in Sources */,
				D37A53602C54200700F98CE5 /* OAuthTokenResponseBody.swift in Sources */,
				D32ACF982C9C4CB5007C83C1 /* AuthHelper.swift in Sources */,
				D30F135B2C68FAE300FBE04A /* ProfileService.swift in Sources */,
				D32ACF962C9C441A007C83C1 /* AuthConfiguration.swift in Sources */,
				D39008872C68DF3D0000E6DB /* UIBlockingProgressHUD.swift in Sources */,
				D30E64BA2C935B5F00102627 /* LikeResponseBody.swift in Sources */,
				D37A53542C52E34F00F98CE5 /* AuthViewController.swift in Sources */,
				D3BD2C3F2C4ABA4A006880B7 /* Sizes.swift in Sources */,
				D31398F42C3870E40056A6F7 /* SceneDelegate.swift in Sources */,
				D3CE9D1E2C3ECD0D00FA98A0 /* ProfileViewController.swift in Sources */,
				D332F3E12C9DA354008799C0 /* ImagesListViewPresenter.swift in Sources */,
				D37A53562C52E93600F98CE5 /* WebViewViewController.swift in Sources */,
				D3BD2C422C4ABA77006880B7 /* Fonts.swift in Sources */,
				D35A50662C3D79FA00A457E7 /* Array+Extensions.swift in Sources */,
				D3B4AC3C2C9473FF002116CE /* ProfileLogoutService.swift in Sources */,
				D3E7CB682C4299EB007A27D3 /* SingleImageViewController.swift in Sources */,
				D32F243E2C722B580009894E /* UserResponseBody.swift in Sources */,
				D30F135D2C68FB8C00FBE04A /* ProfileResponseBody.swift in Sources */,
				D35A50682C3D7FF000A457E7 /* Date+Extensions.swift in Sources */,
				D30E64B02C91CAA500102627 /* Photo.swift in Sources */,
				D30E64B42C920C4F00102627 /* ImageListService.swift in Sources */,
			);
			runOnlyForDeploymentPostprocessing = 0;
		};
		D32ACF992C9C5141007C83C1 /* Sources */ = {
			isa = PBXSourcesBuildPhase;
			buildActionMask = 2147483647;
			files = (
				D32ACFB82C9D6D3F007C83C1 /* WebViewPresenterSpy.swift in Sources */,
				D32ACFB92C9D6D3F007C83C1 /* WebViewTests.swift in Sources */,
				D32ACFBA2C9D6D3F007C83C1 /* WebViewViewControllerSpy.swift in Sources */,
			);
			runOnlyForDeploymentPostprocessing = 0;
		};
		D332F3E22C9DC621008799C0 /* Sources */ = {
			isa = PBXSourcesBuildPhase;
			buildActionMask = 2147483647;
			files = (
				D332F3F42C9DC628008799C0 /* ImageFeedUITests.swift in Sources */,
				D332F3F92C9DD819008799C0 /* UIElementsIdentifiers.swift in Sources */,
			);
			runOnlyForDeploymentPostprocessing = 0;
		};
/* End PBXSourcesBuildPhase section */

/* Begin PBXTargetDependency section */
		D32ACFA22C9C5141007C83C1 /* PBXTargetDependency */ = {
			isa = PBXTargetDependency;
			target = D31398ED2C3870E40056A6F7 /* ImageFeed */;
			targetProxy = D32ACFA12C9C5141007C83C1 /* PBXContainerItemProxy */;
		};
		D332F3ED2C9DC621008799C0 /* PBXTargetDependency */ = {
			isa = PBXTargetDependency;
			target = D31398ED2C3870E40056A6F7 /* ImageFeed */;
			targetProxy = D332F3EC2C9DC621008799C0 /* PBXContainerItemProxy */;
		};
/* End PBXTargetDependency section */

/* Begin PBXVariantGroup section */
		D31398FC2C3870E50056A6F7 /* LaunchScreen.storyboard */ = {
			isa = PBXVariantGroup;
			children = (
				D31398FD2C3870E50056A6F7 /* Base */,
			);
			name = LaunchScreen.storyboard;
			sourceTree = "<group>";
		};
/* End PBXVariantGroup section */

/* Begin XCBuildConfiguration section */
		D31399002C3870E50056A6F7 /* Debug */ = {
			isa = XCBuildConfiguration;
			buildSettings = {
				ALWAYS_SEARCH_USER_PATHS = NO;
				ASSETCATALOG_COMPILER_GENERATE_SWIFT_ASSET_SYMBOL_EXTENSIONS = YES;
				CLANG_ANALYZER_LOCALIZABILITY_NONLOCALIZED = YES;
				CLANG_ANALYZER_NONNULL = YES;
				CLANG_ANALYZER_NUMBER_OBJECT_CONVERSION = YES_AGGRESSIVE;
				CLANG_CXX_LANGUAGE_STANDARD = "gnu++20";
				CLANG_ENABLE_MODULES = YES;
				CLANG_ENABLE_OBJC_ARC = YES;
				CLANG_ENABLE_OBJC_WEAK = YES;
				CLANG_WARN_BLOCK_CAPTURE_AUTORELEASING = YES;
				CLANG_WARN_BOOL_CONVERSION = YES;
				CLANG_WARN_COMMA = YES;
				CLANG_WARN_CONSTANT_CONVERSION = YES;
				CLANG_WARN_DEPRECATED_OBJC_IMPLEMENTATIONS = YES;
				CLANG_WARN_DIRECT_OBJC_ISA_USAGE = YES_ERROR;
				CLANG_WARN_DOCUMENTATION_COMMENTS = YES;
				CLANG_WARN_EMPTY_BODY = YES;
				CLANG_WARN_ENUM_CONVERSION = YES;
				CLANG_WARN_INFINITE_RECURSION = YES;
				CLANG_WARN_INT_CONVERSION = YES;
				CLANG_WARN_NON_LITERAL_NULL_CONVERSION = YES;
				CLANG_WARN_OBJC_IMPLICIT_RETAIN_SELF = YES;
				CLANG_WARN_OBJC_LITERAL_CONVERSION = YES;
				CLANG_WARN_OBJC_ROOT_CLASS = YES_ERROR;
				CLANG_WARN_QUOTED_INCLUDE_IN_FRAMEWORK_HEADER = YES;
				CLANG_WARN_RANGE_LOOP_ANALYSIS = YES;
				CLANG_WARN_STRICT_PROTOTYPES = YES;
				CLANG_WARN_SUSPICIOUS_MOVE = YES;
				CLANG_WARN_UNGUARDED_AVAILABILITY = YES_AGGRESSIVE;
				CLANG_WARN_UNREACHABLE_CODE = YES;
				CLANG_WARN__DUPLICATE_METHOD_MATCH = YES;
				COPY_PHASE_STRIP = NO;
				DEBUG_INFORMATION_FORMAT = dwarf;
				ENABLE_STRICT_OBJC_MSGSEND = YES;
				ENABLE_TESTABILITY = YES;
				ENABLE_USER_SCRIPT_SANDBOXING = YES;
				GCC_C_LANGUAGE_STANDARD = gnu17;
				GCC_DYNAMIC_NO_PIC = NO;
				GCC_NO_COMMON_BLOCKS = YES;
				GCC_OPTIMIZATION_LEVEL = 0;
				GCC_PREPROCESSOR_DEFINITIONS = (
					"DEBUG=1",
					"$(inherited)",
				);
				GCC_WARN_64_TO_32_BIT_CONVERSION = YES;
				GCC_WARN_ABOUT_RETURN_TYPE = YES_ERROR;
				GCC_WARN_UNDECLARED_SELECTOR = YES;
				GCC_WARN_UNINITIALIZED_AUTOS = YES_AGGRESSIVE;
				GCC_WARN_UNUSED_FUNCTION = YES;
				GCC_WARN_UNUSED_VARIABLE = YES;
				IPHONEOS_DEPLOYMENT_TARGET = 17.5;
				LOCALIZATION_PREFERS_STRING_CATALOGS = YES;
				MTL_ENABLE_DEBUG_INFO = INCLUDE_SOURCE;
				MTL_FAST_MATH = YES;
				ONLY_ACTIVE_ARCH = YES;
				SDKROOT = iphoneos;
				SWIFT_ACTIVE_COMPILATION_CONDITIONS = "DEBUG $(inherited)";
				SWIFT_OPTIMIZATION_LEVEL = "-Onone";
			};
			name = Debug;
		};
		D31399012C3870E50056A6F7 /* Release */ = {
			isa = XCBuildConfiguration;
			buildSettings = {
				ALWAYS_SEARCH_USER_PATHS = NO;
				ASSETCATALOG_COMPILER_GENERATE_SWIFT_ASSET_SYMBOL_EXTENSIONS = YES;
				CLANG_ANALYZER_LOCALIZABILITY_NONLOCALIZED = YES;
				CLANG_ANALYZER_NONNULL = YES;
				CLANG_ANALYZER_NUMBER_OBJECT_CONVERSION = YES_AGGRESSIVE;
				CLANG_CXX_LANGUAGE_STANDARD = "gnu++20";
				CLANG_ENABLE_MODULES = YES;
				CLANG_ENABLE_OBJC_ARC = YES;
				CLANG_ENABLE_OBJC_WEAK = YES;
				CLANG_WARN_BLOCK_CAPTURE_AUTORELEASING = YES;
				CLANG_WARN_BOOL_CONVERSION = YES;
				CLANG_WARN_COMMA = YES;
				CLANG_WARN_CONSTANT_CONVERSION = YES;
				CLANG_WARN_DEPRECATED_OBJC_IMPLEMENTATIONS = YES;
				CLANG_WARN_DIRECT_OBJC_ISA_USAGE = YES_ERROR;
				CLANG_WARN_DOCUMENTATION_COMMENTS = YES;
				CLANG_WARN_EMPTY_BODY = YES;
				CLANG_WARN_ENUM_CONVERSION = YES;
				CLANG_WARN_INFINITE_RECURSION = YES;
				CLANG_WARN_INT_CONVERSION = YES;
				CLANG_WARN_NON_LITERAL_NULL_CONVERSION = YES;
				CLANG_WARN_OBJC_IMPLICIT_RETAIN_SELF = YES;
				CLANG_WARN_OBJC_LITERAL_CONVERSION = YES;
				CLANG_WARN_OBJC_ROOT_CLASS = YES_ERROR;
				CLANG_WARN_QUOTED_INCLUDE_IN_FRAMEWORK_HEADER = YES;
				CLANG_WARN_RANGE_LOOP_ANALYSIS = YES;
				CLANG_WARN_STRICT_PROTOTYPES = YES;
				CLANG_WARN_SUSPICIOUS_MOVE = YES;
				CLANG_WARN_UNGUARDED_AVAILABILITY = YES_AGGRESSIVE;
				CLANG_WARN_UNREACHABLE_CODE = YES;
				CLANG_WARN__DUPLICATE_METHOD_MATCH = YES;
				COPY_PHASE_STRIP = NO;
				DEBUG_INFORMATION_FORMAT = "dwarf-with-dsym";
				ENABLE_NS_ASSERTIONS = NO;
				ENABLE_STRICT_OBJC_MSGSEND = YES;
				ENABLE_USER_SCRIPT_SANDBOXING = YES;
				GCC_C_LANGUAGE_STANDARD = gnu17;
				GCC_NO_COMMON_BLOCKS = YES;
				GCC_WARN_64_TO_32_BIT_CONVERSION = YES;
				GCC_WARN_ABOUT_RETURN_TYPE = YES_ERROR;
				GCC_WARN_UNDECLARED_SELECTOR = YES;
				GCC_WARN_UNINITIALIZED_AUTOS = YES_AGGRESSIVE;
				GCC_WARN_UNUSED_FUNCTION = YES;
				GCC_WARN_UNUSED_VARIABLE = YES;
				IPHONEOS_DEPLOYMENT_TARGET = 17.5;
				LOCALIZATION_PREFERS_STRING_CATALOGS = YES;
				MTL_ENABLE_DEBUG_INFO = NO;
				MTL_FAST_MATH = YES;
				SDKROOT = iphoneos;
				SWIFT_COMPILATION_MODE = wholemodule;
				VALIDATE_PRODUCT = YES;
			};
			name = Release;
		};
		D31399032C3870E50056A6F7 /* Debug */ = {
			isa = XCBuildConfiguration;
			buildSettings = {
				ASSETCATALOG_COMPILER_APPICON_NAME = AppIcon;
				ASSETCATALOG_COMPILER_GLOBAL_ACCENT_COLOR_NAME = AccentColor;
				CODE_SIGN_STYLE = Automatic;
				CURRENT_PROJECT_VERSION = 1;
				GENERATE_INFOPLIST_FILE = YES;
				INFOPLIST_FILE = ImageFeed/Resources/Info.plist;
				INFOPLIST_KEY_UIApplicationSupportsIndirectInputEvents = YES;
				INFOPLIST_KEY_UILaunchStoryboardName = LaunchScreen;
				INFOPLIST_KEY_UISupportedInterfaceOrientations = UIInterfaceOrientationPortrait;
				IPHONEOS_DEPLOYMENT_TARGET = 13.0;
				LD_RUNPATH_SEARCH_PATHS = (
					"$(inherited)",
					"@executable_path/Frameworks",
				);
				MARKETING_VERSION = 1.0;
				PRODUCT_BUNDLE_IDENTIFIER = "ru.d-karpov.ImageFeed";
				PRODUCT_NAME = "$(TARGET_NAME)";
				SUPPORTED_PLATFORMS = "iphoneos iphonesimulator";
				SUPPORTS_MACCATALYST = NO;
				SUPPORTS_MAC_DESIGNED_FOR_IPHONE_IPAD = NO;
				SUPPORTS_XR_DESIGNED_FOR_IPHONE_IPAD = NO;
				SWIFT_EMIT_LOC_STRINGS = YES;
				SWIFT_VERSION = 5.0;
				TARGETED_DEVICE_FAMILY = 1;
			};
			name = Debug;
		};
		D31399042C3870E50056A6F7 /* Release */ = {
			isa = XCBuildConfiguration;
			buildSettings = {
				ASSETCATALOG_COMPILER_APPICON_NAME = AppIcon;
				ASSETCATALOG_COMPILER_GLOBAL_ACCENT_COLOR_NAME = AccentColor;
				CODE_SIGN_STYLE = Automatic;
				CURRENT_PROJECT_VERSION = 1;
				GENERATE_INFOPLIST_FILE = YES;
				INFOPLIST_FILE = ImageFeed/Resources/Info.plist;
				INFOPLIST_KEY_UIApplicationSupportsIndirectInputEvents = YES;
				INFOPLIST_KEY_UILaunchStoryboardName = LaunchScreen;
				INFOPLIST_KEY_UISupportedInterfaceOrientations = UIInterfaceOrientationPortrait;
				IPHONEOS_DEPLOYMENT_TARGET = 13.0;
				LD_RUNPATH_SEARCH_PATHS = (
					"$(inherited)",
					"@executable_path/Frameworks",
				);
				MARKETING_VERSION = 1.0;
				PRODUCT_BUNDLE_IDENTIFIER = "ru.d-karpov.ImageFeed";
				PRODUCT_NAME = "$(TARGET_NAME)";
				SUPPORTED_PLATFORMS = "iphoneos iphonesimulator";
				SUPPORTS_MACCATALYST = NO;
				SUPPORTS_MAC_DESIGNED_FOR_IPHONE_IPAD = NO;
				SUPPORTS_XR_DESIGNED_FOR_IPHONE_IPAD = NO;
				SWIFT_EMIT_LOC_STRINGS = YES;
				SWIFT_VERSION = 5.0;
				TARGETED_DEVICE_FAMILY = 1;
			};
			name = Release;
		};
		D32ACFA42C9C5141007C83C1 /* Debug */ = {
			isa = XCBuildConfiguration;
			buildSettings = {
				BUNDLE_LOADER = "$(TEST_HOST)";
				CODE_SIGN_STYLE = Automatic;
				CURRENT_PROJECT_VERSION = 1;
				GENERATE_INFOPLIST_FILE = YES;
				IPHONEOS_DEPLOYMENT_TARGET = 13.0;
				MARKETING_VERSION = 1.0;
				PRODUCT_BUNDLE_IDENTIFIER = "ru.d-karpov.ImageFeedTests";
				PRODUCT_NAME = "$(TARGET_NAME)";
				SUPPORTED_PLATFORMS = "iphoneos iphonesimulator";
				SUPPORTS_MACCATALYST = NO;
				SUPPORTS_MAC_DESIGNED_FOR_IPHONE_IPAD = NO;
				SUPPORTS_XR_DESIGNED_FOR_IPHONE_IPAD = NO;
				SWIFT_EMIT_LOC_STRINGS = NO;
				SWIFT_VERSION = 5.0;
				TARGETED_DEVICE_FAMILY = 1;
				TEST_HOST = "$(BUILT_PRODUCTS_DIR)/ImageFeed.app/$(BUNDLE_EXECUTABLE_FOLDER_PATH)/ImageFeed";
			};
			name = Debug;
		};
		D32ACFA52C9C5141007C83C1 /* Release */ = {
			isa = XCBuildConfiguration;
			buildSettings = {
				BUNDLE_LOADER = "$(TEST_HOST)";
				CODE_SIGN_STYLE = Automatic;
				CURRENT_PROJECT_VERSION = 1;
				GENERATE_INFOPLIST_FILE = YES;
				IPHONEOS_DEPLOYMENT_TARGET = 13.0;
				MARKETING_VERSION = 1.0;
				PRODUCT_BUNDLE_IDENTIFIER = "ru.d-karpov.ImageFeedTests";
				PRODUCT_NAME = "$(TARGET_NAME)";
				SUPPORTED_PLATFORMS = "iphoneos iphonesimulator";
				SUPPORTS_MACCATALYST = NO;
				SUPPORTS_MAC_DESIGNED_FOR_IPHONE_IPAD = NO;
				SUPPORTS_XR_DESIGNED_FOR_IPHONE_IPAD = NO;
				SWIFT_EMIT_LOC_STRINGS = NO;
				SWIFT_VERSION = 5.0;
				TARGETED_DEVICE_FAMILY = 1;
				TEST_HOST = "$(BUILT_PRODUCTS_DIR)/ImageFeed.app/$(BUNDLE_EXECUTABLE_FOLDER_PATH)/ImageFeed";
			};
			name = Release;
		};
		D332F3EF2C9DC621008799C0 /* Debug */ = {
			isa = XCBuildConfiguration;
			buildSettings = {
				CODE_SIGN_STYLE = Automatic;
				CURRENT_PROJECT_VERSION = 1;
				GENERATE_INFOPLIST_FILE = YES;
				IPHONEOS_DEPLOYMENT_TARGET = 13.0;
				MARKETING_VERSION = 1.0;
				PRODUCT_BUNDLE_IDENTIFIER = "ru.d-karpov.ImageFeedUITests";
				PRODUCT_NAME = "$(TARGET_NAME)";
				SUPPORTED_PLATFORMS = "iphoneos iphonesimulator";
				SUPPORTS_MACCATALYST = NO;
				SUPPORTS_MAC_DESIGNED_FOR_IPHONE_IPAD = NO;
				SUPPORTS_XR_DESIGNED_FOR_IPHONE_IPAD = NO;
				SWIFT_EMIT_LOC_STRINGS = NO;
				SWIFT_VERSION = 5.0;
				TARGETED_DEVICE_FAMILY = 1;
				TEST_TARGET_NAME = ImageFeed;
			};
			name = Debug;
		};
		D332F3F02C9DC621008799C0 /* Release */ = {
			isa = XCBuildConfiguration;
			buildSettings = {
				CODE_SIGN_STYLE = Automatic;
				CURRENT_PROJECT_VERSION = 1;
				GENERATE_INFOPLIST_FILE = YES;
				IPHONEOS_DEPLOYMENT_TARGET = 13.0;
				MARKETING_VERSION = 1.0;
				PRODUCT_BUNDLE_IDENTIFIER = "ru.d-karpov.ImageFeedUITests";
				PRODUCT_NAME = "$(TARGET_NAME)";
				SUPPORTED_PLATFORMS = "iphoneos iphonesimulator";
				SUPPORTS_MACCATALYST = NO;
				SUPPORTS_MAC_DESIGNED_FOR_IPHONE_IPAD = NO;
				SUPPORTS_XR_DESIGNED_FOR_IPHONE_IPAD = NO;
				SWIFT_EMIT_LOC_STRINGS = NO;
				SWIFT_VERSION = 5.0;
				TARGETED_DEVICE_FAMILY = 1;
				TEST_TARGET_NAME = ImageFeed;
			};
			name = Release;
		};
/* End XCBuildConfiguration section */

/* Begin XCConfigurationList section */
		D31398E92C3870E40056A6F7 /* Build configuration list for PBXProject "ImageFeed" */ = {
			isa = XCConfigurationList;
			buildConfigurations = (
				D31399002C3870E50056A6F7 /* Debug */,
				D31399012C3870E50056A6F7 /* Release */,
			);
			defaultConfigurationIsVisible = 0;
			defaultConfigurationName = Release;
		};
		D31399022C3870E50056A6F7 /* Build configuration list for PBXNativeTarget "ImageFeed" */ = {
			isa = XCConfigurationList;
			buildConfigurations = (
				D31399032C3870E50056A6F7 /* Debug */,
				D31399042C3870E50056A6F7 /* Release */,
			);
			defaultConfigurationIsVisible = 0;
			defaultConfigurationName = Release;
		};
		D32ACFA32C9C5141007C83C1 /* Build configuration list for PBXNativeTarget "ImageFeedTests" */ = {
			isa = XCConfigurationList;
			buildConfigurations = (
				D32ACFA42C9C5141007C83C1 /* Debug */,
				D32ACFA52C9C5141007C83C1 /* Release */,
			);
			defaultConfigurationIsVisible = 0;
			defaultConfigurationName = Release;
		};
		D332F3EE2C9DC621008799C0 /* Build configuration list for PBXNativeTarget "ImageFeedUITests" */ = {
			isa = XCConfigurationList;
			buildConfigurations = (
				D332F3EF2C9DC621008799C0 /* Debug */,
				D332F3F02C9DC621008799C0 /* Release */,
			);
			defaultConfigurationIsVisible = 0;
			defaultConfigurationName = Release;
		};
/* End XCConfigurationList section */

/* Begin XCRemoteSwiftPackageReference section */
		D30F13602C69132300FBE04A /* XCRemoteSwiftPackageReference "ProgressHUD" */ = {
			isa = XCRemoteSwiftPackageReference;
			repositoryURL = "https://github.com/relatedcode/ProgressHUD.git";
			requirement = {
				kind = upToNextMajorVersion;
				minimumVersion = 14.1.3;
			};
		};
		D3D397012C73A14000DC82EB /* XCRemoteSwiftPackageReference "Kingfisher" */ = {
			isa = XCRemoteSwiftPackageReference;
			repositoryURL = "https://github.com/onevcat/Kingfisher.git";
			requirement = {
				kind = upToNextMajorVersion;
				minimumVersion = 7.0.0;
			};
		};
		D3D397042C7644DD00DC82EB /* XCRemoteSwiftPackageReference "SwiftKeychainWrapper" */ = {
			isa = XCRemoteSwiftPackageReference;
			repositoryURL = "https://github.com/jrendel/SwiftKeychainWrapper";
			requirement = {
				kind = upToNextMajorVersion;
				minimumVersion = 4.0.1;
			};
		};
/* End XCRemoteSwiftPackageReference section */

/* Begin XCSwiftPackageProductDependency section */
		D30F13612C69132300FBE04A /* ProgressHUD */ = {
			isa = XCSwiftPackageProductDependency;
			package = D30F13602C69132300FBE04A /* XCRemoteSwiftPackageReference "ProgressHUD" */;
			productName = ProgressHUD;
		};
		D3D397022C73A14000DC82EB /* Kingfisher */ = {
			isa = XCSwiftPackageProductDependency;
			package = D3D397012C73A14000DC82EB /* XCRemoteSwiftPackageReference "Kingfisher" */;
			productName = Kingfisher;
		};
		D3D397052C7644DD00DC82EB /* SwiftKeychainWrapper */ = {
			isa = XCSwiftPackageProductDependency;
			package = D3D397042C7644DD00DC82EB /* XCRemoteSwiftPackageReference "SwiftKeychainWrapper" */;
			productName = SwiftKeychainWrapper;
		};
/* End XCSwiftPackageProductDependency section */
	};
	rootObject = D31398E62C3870E40056A6F7 /* Project object */;
}
